
Microsoft Visual Studio Solution File, Format Version 12.00
# Visual Studio Version 16
VisualStudioVersion = 16.0.29519.87
MinimumVisualStudioVersion = 10.0.40219.1
Project("{FAE04EC0-301F-11D3-BF4B-00C04F79EFBC}") = "WhoseShout", "WhoseShout\WhoseShout.csproj", "{9C4B5701-366D-448E-ACEA-D71D50A84066}"
EndProject
Project("{00D1A9C2-B5F0-4AF3-8072-F6C62B433612}") = "CoffeeShoutersDB", "CoffeeShoutersDB\CoffeeShoutersDB.sqlproj", "{22BE38DB-F14D-43F3-9570-CE4100B3AA1B}"
EndProject
Global
	GlobalSection(SolutionConfigurationPlatforms) = preSolution
		Debug|Any CPU = Debug|Any CPU
		Release|Any CPU = Release|Any CPU
	EndGlobalSection
	GlobalSection(ProjectConfigurationPlatforms) = postSolution
		{9C4B5701-366D-448E-ACEA-D71D50A84066}.Debug|Any CPU.ActiveCfg = Debug|Any CPU
		{9C4B5701-366D-448E-ACEA-D71D50A84066}.Debug|Any CPU.Build.0 = Debug|Any CPU
		{9C4B5701-366D-448E-ACEA-D71D50A84066}.Release|Any CPU.ActiveCfg = Release|Any CPU
		{9C4B5701-366D-448E-ACEA-D71D50A84066}.Release|Any CPU.Build.0 = Release|Any CPU
		{22BE38DB-F14D-43F3-9570-CE4100B3AA1B}.Debug|Any CPU.ActiveCfg = Debug|Any CPU
		{22BE38DB-F14D-43F3-9570-CE4100B3AA1B}.Debug|Any CPU.Build.0 = Debug|Any CPU
		{22BE38DB-F14D-43F3-9570-CE4100B3AA1B}.Debug|Any CPU.Deploy.0 = Debug|Any CPU
		{22BE38DB-F14D-43F3-9570-CE4100B3AA1B}.Release|Any CPU.ActiveCfg = Release|Any CPU
		{22BE38DB-F14D-43F3-9570-CE4100B3AA1B}.Release|Any CPU.Build.0 = Release|Any CPU
		{22BE38DB-F14D-43F3-9570-CE4100B3AA1B}.Release|Any CPU.Deploy.0 = Release|Any CPU
	EndGlobalSection
	GlobalSection(SolutionProperties) = preSolution
		HideSolutionNode = FALSE
	EndGlobalSection
	GlobalSection(ExtensibilityGlobals) = postSolution
		SolutionGuid = {DA5066BE-7CA7-4E8C-BFE8-193BA0B3912E}
	EndGlobalSection
EndGlobal
